// !$*UTF8*$!
{
	archiveVersion = 1;
	classes = {
	};
	objectVersion = 56;
	objects = {

/* Begin PBXBuildFile section */
		51FC2CFE2BEC5B98006E6C43 /* AppDelegate.swift in Sources */ = {isa = PBXBuildFile; fileRef = 51FC2CFD2BEC5B98006E6C43 /* AppDelegate.swift */; };
		51FC2D002BEC5B98006E6C43 /* SceneDelegate.swift in Sources */ = {isa = PBXBuildFile; fileRef = 51FC2CFF2BEC5B98006E6C43 /* SceneDelegate.swift */; };
		51FC2D022BEC5B98006E6C43 /* ViewController.swift in Sources */ = {isa = PBXBuildFile; fileRef = 51FC2D012BEC5B98006E6C43 /* ViewController.swift */; };
		51FC2D072BEC5B9B006E6C43 /* Assets.xcassets in Resources */ = {isa = PBXBuildFile; fileRef = 51FC2D062BEC5B9B006E6C43 /* Assets.xcassets */; };
		51FC2D0A2BEC5B9B006E6C43 /* LaunchScreen.storyboard in Resources */ = {isa = PBXBuildFile; fileRef = 51FC2D082BEC5B9B006E6C43 /* LaunchScreen.storyboard */; };
		51FC2D162BEC5F40006E6C43 /* PokemonEndpoint.swift in Sources */ = {isa = PBXBuildFile; fileRef = 51FC2D152BEC5F40006E6C43 /* PokemonEndpoint.swift */; };
		51FC2D182BEC5F4C006E6C43 /* PokemonService.swift in Sources */ = {isa = PBXBuildFile; fileRef = 51FC2D172BEC5F4C006E6C43 /* PokemonService.swift */; };
		51FC2D1A2BEC5F58006E6C43 /* PokemonRequest.swift in Sources */ = {isa = PBXBuildFile; fileRef = 51FC2D192BEC5F58006E6C43 /* PokemonRequest.swift */; };
		51FC2D1C2BEC6625006E6C43 /* HomePokemonInteractor.swift in Sources */ = {isa = PBXBuildFile; fileRef = 51FC2D1B2BEC6625006E6C43 /* HomePokemonInteractor.swift */; };
		51FC2D1E2BEC6640006E6C43 /* HomePokemonPresenter.swift in Sources */ = {isa = PBXBuildFile; fileRef = 51FC2D1D2BEC6640006E6C43 /* HomePokemonPresenter.swift */; };
		51FC2D202BEC6654006E6C43 /* HomePokemonViewController.swift in Sources */ = {isa = PBXBuildFile; fileRef = 51FC2D1F2BEC6654006E6C43 /* HomePokemonViewController.swift */; };
		51FC2D222BEC6675006E6C43 /* HomePokemonViewController+DisplayLogic.swift in Sources */ = {isa = PBXBuildFile; fileRef = 51FC2D212BEC6675006E6C43 /* HomePokemonViewController+DisplayLogic.swift */; };
		51FC2D242BEC6703006E6C43 /* HomePokemonEntryPoint.swift in Sources */ = {isa = PBXBuildFile; fileRef = 51FC2D232BEC6703006E6C43 /* HomePokemonEntryPoint.swift */; };
		51FC2D282BEC67E8006E6C43 /* PokemonTabBarViewController.swift in Sources */ = {isa = PBXBuildFile; fileRef = 51FC2D272BEC67E8006E6C43 /* PokemonTabBarViewController.swift */; };
		51FC2D2C2BEC6847006E6C43 /* CodedView.swift in Sources */ = {isa = PBXBuildFile; fileRef = 51FC2D2B2BEC6847006E6C43 /* CodedView.swift */; };
		5DE952B1293FDC306CEC30BF /* Pods_PokemonProject___UIKit.framework in Frameworks */ = {isa = PBXBuildFile; fileRef = 3B5ACCE49F19FAB7254849B1 /* Pods_PokemonProject___UIKit.framework */; };
		F836D02C2BF660040040B0A4 /* PokemonCollectionViewCell.swift in Sources */ = {isa = PBXBuildFile; fileRef = F836D02B2BF660040040B0A4 /* PokemonCollectionViewCell.swift */; };
		F867B67B2BF3E0EA005045B7 /* PokeCard.swift in Sources */ = {isa = PBXBuildFile; fileRef = F867B67A2BF3E0EA005045B7 /* PokeCard.swift */; };
		F867B67D2BF3EA4A005045B7 /* Extensions+UIView.swift in Sources */ = {isa = PBXBuildFile; fileRef = F867B67C2BF3EA4A005045B7 /* Extensions+UIView.swift */; };
		F867B6812BF4EE50005045B7 /* Pokemon.swift in Sources */ = {isa = PBXBuildFile; fileRef = F867B6802BF4EE4F005045B7 /* Pokemon.swift */; };
		F867B6832BF50661005045B7 /* HomePokemonViewController+CollectionView.swift in Sources */ = {isa = PBXBuildFile; fileRef = F867B6822BF50661005045B7 /* HomePokemonViewController+CollectionView.swift */; };
		F8CB21B22BFB8A1E006CCC7D /* ChoosePokemonViewController.swift in Sources */ = {isa = PBXBuildFile; fileRef = F8CB21B12BFB8A1E006CCC7D /* ChoosePokemonViewController.swift */; };
		F8CB21B42BFB8A42006CCC7D /* ChoosePokemonInteractor.swift in Sources */ = {isa = PBXBuildFile; fileRef = F8CB21B32BFB8A42006CCC7D /* ChoosePokemonInteractor.swift */; };
		F8CB21B62BFB8A4F006CCC7D /* ChoosePokemonPresenter.swift in Sources */ = {isa = PBXBuildFile; fileRef = F8CB21B52BFB8A4F006CCC7D /* ChoosePokemonPresenter.swift */; };
		F8CB21B82BFB8A62006CCC7D /* ChoosePokemonDisplayLogic.swift in Sources */ = {isa = PBXBuildFile; fileRef = F8CB21B72BFB8A62006CCC7D /* ChoosePokemonDisplayLogic.swift */; };
		F8CB21BA2BFB8B95006CCC7D /* PokemonLaunchScreenViewController.swift in Sources */ = {isa = PBXBuildFile; fileRef = F8CB21B92BFB8B95006CCC7D /* PokemonLaunchScreenViewController.swift */; };
		F8CB21C12BFBCB9D006CCC7D /* ChoosePokemonViewModel.swift in Sources */ = {isa = PBXBuildFile; fileRef = F8CB21C02BFBCB9D006CCC7D /* ChoosePokemonViewModel.swift */; };
		F8CB21C32BFCE014006CCC7D /* Coordinator.swift in Sources */ = {isa = PBXBuildFile; fileRef = F8CB21C22BFCE014006CCC7D /* Coordinator.swift */; };
		F8CB21C52BFCE557006CCC7D /* ChoosePokemonCoordinator.swift in Sources */ = {isa = PBXBuildFile; fileRef = F8CB21C42BFCE557006CCC7D /* ChoosePokemonCoordinator.swift */; };
		F8CB21C72BFCEC7C006CCC7D /* ChoosePokemonEntryPoint.swift in Sources */ = {isa = PBXBuildFile; fileRef = F8CB21C62BFCEC7C006CCC7D /* ChoosePokemonEntryPoint.swift */; };
		F8CB21CC2BFE220F006CCC7D /* HomePokemonCoordinator.swift in Sources */ = {isa = PBXBuildFile; fileRef = F8CB21CB2BFE220F006CCC7D /* HomePokemonCoordinator.swift */; };
		F8CB21CE2BFE2286006CCC7D /* HomePokemonCoordinatable.swift in Sources */ = {isa = PBXBuildFile; fileRef = F8CB21CD2BFE2286006CCC7D /* HomePokemonCoordinatable.swift */; };
		F8CB21D02BFE3330006CCC7D /* HomePokemonViewModel.swift in Sources */ = {isa = PBXBuildFile; fileRef = F8CB21CF2BFE3330006CCC7D /* HomePokemonViewModel.swift */; };
		F8E2E6982BF7A55600DEE94D /* HeaderPokemonView.swift in Sources */ = {isa = PBXBuildFile; fileRef = F8E2E6972BF7A55600DEE94D /* HeaderPokemonView.swift */; };
		F8E764BC2BFFC58900C98B76 /* ListPokemonViewCell.swift in Sources */ = {isa = PBXBuildFile; fileRef = F8E764BB2BFFC58900C98B76 /* ListPokemonViewCell.swift */; };
		F8E764BE2BFFCA4000C98B76 /* ListPokemonInteractor.swift in Sources */ = {isa = PBXBuildFile; fileRef = F8E764BD2BFFCA4000C98B76 /* ListPokemonInteractor.swift */; };
/* End PBXBuildFile section */

/* Begin PBXFileReference section */
		3B5ACCE49F19FAB7254849B1 /* Pods_PokemonProject___UIKit.framework */ = {isa = PBXFileReference; explicitFileType = wrapper.framework; includeInIndex = 0; path = "Pods_PokemonProject___UIKit.framework"; sourceTree = BUILT_PRODUCTS_DIR; };
		51FC2CFA2BEC5B98006E6C43 /* PokemonProject - UIKit.app */ = {isa = PBXFileReference; explicitFileType = wrapper.application; includeInIndex = 0; path = "PokemonProject - UIKit.app"; sourceTree = BUILT_PRODUCTS_DIR; };
		51FC2CFD2BEC5B98006E6C43 /* AppDelegate.swift */ = {isa = PBXFileReference; lastKnownFileType = sourcecode.swift; path = AppDelegate.swift; sourceTree = "<group>"; };
		51FC2CFF2BEC5B98006E6C43 /* SceneDelegate.swift */ = {isa = PBXFileReference; lastKnownFileType = sourcecode.swift; path = SceneDelegate.swift; sourceTree = "<group>"; };
		51FC2D012BEC5B98006E6C43 /* ViewController.swift */ = {isa = PBXFileReference; lastKnownFileType = sourcecode.swift; path = ViewController.swift; sourceTree = "<group>"; };
		51FC2D062BEC5B9B006E6C43 /* Assets.xcassets */ = {isa = PBXFileReference; lastKnownFileType = folder.assetcatalog; path = Assets.xcassets; sourceTree = "<group>"; };
		51FC2D092BEC5B9B006E6C43 /* Base */ = {isa = PBXFileReference; lastKnownFileType = file.storyboard; name = Base; path = Base.lproj/LaunchScreen.storyboard; sourceTree = "<group>"; };
		51FC2D0B2BEC5B9B006E6C43 /* Info.plist */ = {isa = PBXFileReference; lastKnownFileType = text.plist.xml; path = Info.plist; sourceTree = "<group>"; };
		51FC2D152BEC5F40006E6C43 /* PokemonEndpoint.swift */ = {isa = PBXFileReference; lastKnownFileType = sourcecode.swift; path = PokemonEndpoint.swift; sourceTree = "<group>"; };
		51FC2D172BEC5F4C006E6C43 /* PokemonService.swift */ = {isa = PBXFileReference; lastKnownFileType = sourcecode.swift; path = PokemonService.swift; sourceTree = "<group>"; };
		51FC2D192BEC5F58006E6C43 /* PokemonRequest.swift */ = {isa = PBXFileReference; lastKnownFileType = sourcecode.swift; path = PokemonRequest.swift; sourceTree = "<group>"; };
		51FC2D1B2BEC6625006E6C43 /* HomePokemonInteractor.swift */ = {isa = PBXFileReference; lastKnownFileType = sourcecode.swift; path = HomePokemonInteractor.swift; sourceTree = "<group>"; };
		51FC2D1D2BEC6640006E6C43 /* HomePokemonPresenter.swift */ = {isa = PBXFileReference; lastKnownFileType = sourcecode.swift; path = HomePokemonPresenter.swift; sourceTree = "<group>"; };
		51FC2D1F2BEC6654006E6C43 /* HomePokemonViewController.swift */ = {isa = PBXFileReference; lastKnownFileType = sourcecode.swift; path = HomePokemonViewController.swift; sourceTree = "<group>"; };
		51FC2D212BEC6675006E6C43 /* HomePokemonViewController+DisplayLogic.swift */ = {isa = PBXFileReference; lastKnownFileType = sourcecode.swift; path = "HomePokemonViewController+DisplayLogic.swift"; sourceTree = "<group>"; };
		51FC2D232BEC6703006E6C43 /* HomePokemonEntryPoint.swift */ = {isa = PBXFileReference; lastKnownFileType = sourcecode.swift; path = HomePokemonEntryPoint.swift; sourceTree = "<group>"; };
		51FC2D272BEC67E8006E6C43 /* PokemonTabBarViewController.swift */ = {isa = PBXFileReference; lastKnownFileType = sourcecode.swift; path = PokemonTabBarViewController.swift; sourceTree = "<group>"; };
		51FC2D2B2BEC6847006E6C43 /* CodedView.swift */ = {isa = PBXFileReference; lastKnownFileType = sourcecode.swift; path = CodedView.swift; sourceTree = "<group>"; };
		6618A5992032B7F5E1C98F68 /* Pods-PokemonProject - UIKit.release.xcconfig */ = {isa = PBXFileReference; includeInIndex = 1; lastKnownFileType = text.xcconfig; name = "Pods-PokemonProject - UIKit.release.xcconfig"; path = "Target Support Files/Pods-PokemonProject - UIKit/Pods-PokemonProject - UIKit.release.xcconfig"; sourceTree = "<group>"; };
		A7DE37D93ABCE7FA2E51D8C7 /* Pods-PokemonProject - UIKit.debug.xcconfig */ = {isa = PBXFileReference; includeInIndex = 1; lastKnownFileType = text.xcconfig; name = "Pods-PokemonProject - UIKit.debug.xcconfig"; path = "Target Support Files/Pods-PokemonProject - UIKit/Pods-PokemonProject - UIKit.debug.xcconfig"; sourceTree = "<group>"; };
		F836D02B2BF660040040B0A4 /* PokemonCollectionViewCell.swift */ = {isa = PBXFileReference; lastKnownFileType = sourcecode.swift; path = PokemonCollectionViewCell.swift; sourceTree = "<group>"; };
		F867B67A2BF3E0EA005045B7 /* PokeCard.swift */ = {isa = PBXFileReference; lastKnownFileType = sourcecode.swift; path = PokeCard.swift; sourceTree = "<group>"; };
		F867B67C2BF3EA4A005045B7 /* Extensions+UIView.swift */ = {isa = PBXFileReference; lastKnownFileType = sourcecode.swift; path = "Extensions+UIView.swift"; sourceTree = "<group>"; };
		F867B6802BF4EE4F005045B7 /* Pokemon.swift */ = {isa = PBXFileReference; lastKnownFileType = sourcecode.swift; path = Pokemon.swift; sourceTree = "<group>"; };
		F867B6822BF50661005045B7 /* HomePokemonViewController+CollectionView.swift */ = {isa = PBXFileReference; lastKnownFileType = sourcecode.swift; path = "HomePokemonViewController+CollectionView.swift"; sourceTree = "<group>"; };
		F8CB21B12BFB8A1E006CCC7D /* ChoosePokemonViewController.swift */ = {isa = PBXFileReference; lastKnownFileType = sourcecode.swift; path = ChoosePokemonViewController.swift; sourceTree = "<group>"; };
		F8CB21B32BFB8A42006CCC7D /* ChoosePokemonInteractor.swift */ = {isa = PBXFileReference; lastKnownFileType = sourcecode.swift; path = ChoosePokemonInteractor.swift; sourceTree = "<group>"; };
		F8CB21B52BFB8A4F006CCC7D /* ChoosePokemonPresenter.swift */ = {isa = PBXFileReference; lastKnownFileType = sourcecode.swift; path = ChoosePokemonPresenter.swift; sourceTree = "<group>"; };
		F8CB21B72BFB8A62006CCC7D /* ChoosePokemonDisplayLogic.swift */ = {isa = PBXFileReference; lastKnownFileType = sourcecode.swift; path = ChoosePokemonDisplayLogic.swift; sourceTree = "<group>"; };
		F8CB21B92BFB8B95006CCC7D /* PokemonLaunchScreenViewController.swift */ = {isa = PBXFileReference; lastKnownFileType = sourcecode.swift; path = PokemonLaunchScreenViewController.swift; sourceTree = "<group>"; };
		F8CB21C02BFBCB9D006CCC7D /* ChoosePokemonViewModel.swift */ = {isa = PBXFileReference; lastKnownFileType = sourcecode.swift; path = ChoosePokemonViewModel.swift; sourceTree = "<group>"; };
		F8CB21C22BFCE014006CCC7D /* Coordinator.swift */ = {isa = PBXFileReference; lastKnownFileType = sourcecode.swift; path = Coordinator.swift; sourceTree = "<group>"; };
		F8CB21C42BFCE557006CCC7D /* ChoosePokemonCoordinator.swift */ = {isa = PBXFileReference; lastKnownFileType = sourcecode.swift; path = ChoosePokemonCoordinator.swift; sourceTree = "<group>"; };
		F8CB21C62BFCEC7C006CCC7D /* ChoosePokemonEntryPoint.swift */ = {isa = PBXFileReference; lastKnownFileType = sourcecode.swift; path = ChoosePokemonEntryPoint.swift; sourceTree = "<group>"; };
		F8CB21CB2BFE220F006CCC7D /* HomePokemonCoordinator.swift */ = {isa = PBXFileReference; lastKnownFileType = sourcecode.swift; path = HomePokemonCoordinator.swift; sourceTree = "<group>"; };
		F8CB21CD2BFE2286006CCC7D /* HomePokemonCoordinatable.swift */ = {isa = PBXFileReference; lastKnownFileType = sourcecode.swift; path = HomePokemonCoordinatable.swift; sourceTree = "<group>"; };
		F8CB21CF2BFE3330006CCC7D /* HomePokemonViewModel.swift */ = {isa = PBXFileReference; lastKnownFileType = sourcecode.swift; path = HomePokemonViewModel.swift; sourceTree = "<group>"; };
		F8E2E6972BF7A55600DEE94D /* HeaderPokemonView.swift */ = {isa = PBXFileReference; lastKnownFileType = sourcecode.swift; path = HeaderPokemonView.swift; sourceTree = "<group>"; };
		F8E764BB2BFFC58900C98B76 /* ListPokemonViewCell.swift */ = {isa = PBXFileReference; lastKnownFileType = sourcecode.swift; path = ListPokemonViewCell.swift; sourceTree = "<group>"; };
		F8E764BD2BFFCA4000C98B76 /* ListPokemonInteractor.swift */ = {isa = PBXFileReference; lastKnownFileType = sourcecode.swift; path = ListPokemonInteractor.swift; sourceTree = "<group>"; };
/* End PBXFileReference section */

/* Begin PBXFrameworksBuildPhase section */
		51FC2CF72BEC5B98006E6C43 /* Frameworks */ = {
			isa = PBXFrameworksBuildPhase;
			buildActionMask = 2147483647;
			files = (
				5DE952B1293FDC306CEC30BF /* Pods_PokemonProject___UIKit.framework in Frameworks */,
			);
			runOnlyForDeploymentPostprocessing = 0;
		};
/* End PBXFrameworksBuildPhase section */

/* Begin PBXGroup section */
		08BE17771EDADD74BA1A9DA9 /* Pods */ = {
			isa = PBXGroup;
			children = (
				A7DE37D93ABCE7FA2E51D8C7 /* Pods-PokemonProject - UIKit.debug.xcconfig */,
				6618A5992032B7F5E1C98F68 /* Pods-PokemonProject - UIKit.release.xcconfig */,
			);
			path = Pods;
			sourceTree = "<group>";
		};
		51FC2CF12BEC5B98006E6C43 = {
			isa = PBXGroup;
			children = (
				51FC2D292BEC681D006E6C43 /* PokemonPackage */,
				51FC2D142BEC5F2E006E6C43 /* PokemonService */,
				51FC2CFC2BEC5B98006E6C43 /* PokemonProject - UIKit */,
				51FC2CFB2BEC5B98006E6C43 /* Products */,
				08BE17771EDADD74BA1A9DA9 /* Pods */,
				EFF210A628513839D374F6DA /* Frameworks */,
			);
			sourceTree = "<group>";
		};
		51FC2CFB2BEC5B98006E6C43 /* Products */ = {
			isa = PBXGroup;
			children = (
				51FC2CFA2BEC5B98006E6C43 /* PokemonProject - UIKit.app */,
			);
			name = Products;
			sourceTree = "<group>";
		};
		51FC2CFC2BEC5B98006E6C43 /* PokemonProject - UIKit */ = {
			isa = PBXGroup;
			children = (
				51FC2D252BEC67B0006E6C43 /* PokemonCore */,
				51FC2CFD2BEC5B98006E6C43 /* AppDelegate.swift */,
				51FC2CFF2BEC5B98006E6C43 /* SceneDelegate.swift */,
				51FC2D012BEC5B98006E6C43 /* ViewController.swift */,
				51FC2D062BEC5B9B006E6C43 /* Assets.xcassets */,
				51FC2D082BEC5B9B006E6C43 /* LaunchScreen.storyboard */,
				51FC2D0B2BEC5B9B006E6C43 /* Info.plist */,
			);
			path = "PokemonProject - UIKit";
			sourceTree = "<group>";
		};
		51FC2D112BEC5F01006E6C43 /* View */ = {
			isa = PBXGroup;
			children = (
				F867B6822BF50661005045B7 /* HomePokemonViewController+CollectionView.swift */,
				F8E2E6972BF7A55600DEE94D /* HeaderPokemonView.swift */,
				51FC2D1F2BEC6654006E6C43 /* HomePokemonViewController.swift */,
			);
			path = View;
			sourceTree = "<group>";
		};
		51FC2D132BEC5F13006E6C43 /* HomePokemon */ = {
			isa = PBXGroup;
			children = (
				F8CB21CA2BFE21E5006CCC7D /* Tests */,
				F8CB21C92BFE21DE006CCC7D /* Coordinator */,
				F8CB21C82BFE21D8006CCC7D /* Core */,
			);
			path = HomePokemon;
			sourceTree = "<group>";
		};
		51FC2D142BEC5F2E006E6C43 /* PokemonService */ = {
			isa = PBXGroup;
			children = (
				F867B67F2BF4ECAC005045B7 /* WebServices */,
				F867B67E2BF4EC9A005045B7 /* Models */,
				51FC2D152BEC5F40006E6C43 /* PokemonEndpoint.swift */,
				51FC2D172BEC5F4C006E6C43 /* PokemonService.swift */,
				51FC2D192BEC5F58006E6C43 /* PokemonRequest.swift */,
			);
			path = PokemonService;
			sourceTree = "<group>";
		};
		51FC2D252BEC67B0006E6C43 /* PokemonCore */ = {
			isa = PBXGroup;
			children = (
				F8CB21B92BFB8B95006CCC7D /* PokemonLaunchScreenViewController.swift */,
				51FC2D262BEC67BC006E6C43 /* PokemonTabBar */,
				F8CB21B02BFB89F3006CCC7D /* ChoosePokemon */,
				51FC2D132BEC5F13006E6C43 /* HomePokemon */,
				F8E764B82BFFC52500C98B76 /* ListPokemon */,
			);
			path = PokemonCore;
			sourceTree = "<group>";
		};
		51FC2D262BEC67BC006E6C43 /* PokemonTabBar */ = {
			isa = PBXGroup;
			children = (
				51FC2D272BEC67E8006E6C43 /* PokemonTabBarViewController.swift */,
			);
			path = PokemonTabBar;
			sourceTree = "<group>";
		};
		51FC2D292BEC681D006E6C43 /* PokemonPackage */ = {
			isa = PBXGroup;
			children = (
				F867B6792BF3E0D2005045B7 /* PokemonUI */,
				51FC2D2A2BEC682D006E6C43 /* Resources */,
			);
			path = PokemonPackage;
			sourceTree = "<group>";
		};
		51FC2D2A2BEC682D006E6C43 /* Resources */ = {
			isa = PBXGroup;
			children = (
				51FC2D2B2BEC6847006E6C43 /* CodedView.swift */,
				F867B67C2BF3EA4A005045B7 /* Extensions+UIView.swift */,
				F8CB21C22BFCE014006CCC7D /* Coordinator.swift */,
			);
			path = Resources;
			sourceTree = "<group>";
		};
		EFF210A628513839D374F6DA /* Frameworks */ = {
			isa = PBXGroup;
			children = (
				3B5ACCE49F19FAB7254849B1 /* Pods_PokemonProject___UIKit.framework */,
			);
			name = Frameworks;
			sourceTree = "<group>";
		};
		F836D02A2BF65FE40040B0A4 /* Cell */ = {
			isa = PBXGroup;
			children = (
				F836D02B2BF660040040B0A4 /* PokemonCollectionViewCell.swift */,
			);
			name = Cell;
			path = ..;
			sourceTree = "<group>";
		};
		F867B6792BF3E0D2005045B7 /* PokemonUI */ = {
			isa = PBXGroup;
			children = (
				F867B67A2BF3E0EA005045B7 /* PokeCard.swift */,
			);
			path = PokemonUI;
			sourceTree = "<group>";
		};
		F867B67E2BF4EC9A005045B7 /* Models */ = {
			isa = PBXGroup;
			children = (
				F867B6802BF4EE4F005045B7 /* Pokemon.swift */,
			);
			path = Models;
			sourceTree = "<group>";
		};
		F867B67F2BF4ECAC005045B7 /* WebServices */ = {
			isa = PBXGroup;
			children = (
			);
			path = WebServices;
			sourceTree = "<group>";
		};
		F8CB21B02BFB89F3006CCC7D /* ChoosePokemon */ = {
			isa = PBXGroup;
			children = (
				F8CB21BC2BFB9C92006CCC7D /* Tests */,
				F8CB21BB2BFB9C8B006CCC7D /* Coordinator */,
				F8CB21BD2BFB9C99006CCC7D /* Core */,
			);
			path = ChoosePokemon;
			sourceTree = "<group>";
		};
		F8CB21BB2BFB9C8B006CCC7D /* Coordinator */ = {
			isa = PBXGroup;
			children = (
				F8CB21C42BFCE557006CCC7D /* ChoosePokemonCoordinator.swift */,
			);
			path = Coordinator;
			sourceTree = "<group>";
		};
		F8CB21BC2BFB9C92006CCC7D /* Tests */ = {
			isa = PBXGroup;
			children = (
			);
			path = Tests;
			sourceTree = "<group>";
		};
		F8CB21BD2BFB9C99006CCC7D /* Core */ = {
			isa = PBXGroup;
			children = (
				F8CB21C62BFCEC7C006CCC7D /* ChoosePokemonEntryPoint.swift */,
				F8CB21B12BFB8A1E006CCC7D /* ChoosePokemonViewController.swift */,
				F8CB21B32BFB8A42006CCC7D /* ChoosePokemonInteractor.swift */,
				F8CB21B52BFB8A4F006CCC7D /* ChoosePokemonPresenter.swift */,
				F8CB21B72BFB8A62006CCC7D /* ChoosePokemonDisplayLogic.swift */,
				F8CB21C02BFBCB9D006CCC7D /* ChoosePokemonViewModel.swift */,
			);
			path = Core;
			sourceTree = "<group>";
		};
		F8CB21C82BFE21D8006CCC7D /* Core */ = {
			isa = PBXGroup;
			children = (
				F836D02A2BF65FE40040B0A4 /* Cell */,
				51FC2D112BEC5F01006E6C43 /* View */,
				51FC2D232BEC6703006E6C43 /* HomePokemonEntryPoint.swift */,
				51FC2D1B2BEC6625006E6C43 /* HomePokemonInteractor.swift */,
				51FC2D1D2BEC6640006E6C43 /* HomePokemonPresenter.swift */,
				51FC2D212BEC6675006E6C43 /* HomePokemonViewController+DisplayLogic.swift */,
				F8CB21CF2BFE3330006CCC7D /* HomePokemonViewModel.swift */,
			);
			path = Core;
			sourceTree = "<group>";
		};
		F8CB21C92BFE21DE006CCC7D /* Coordinator */ = {
			isa = PBXGroup;
			children = (
				F8CB21CB2BFE220F006CCC7D /* HomePokemonCoordinator.swift */,
				F8CB21CD2BFE2286006CCC7D /* HomePokemonCoordinatable.swift */,
			);
			path = Coordinator;
			sourceTree = "<group>";
		};
		F8CB21CA2BFE21E5006CCC7D /* Tests */ = {
			isa = PBXGroup;
			children = (
			);
			path = Tests;
			sourceTree = "<group>";
		};
		F8E764B82BFFC52500C98B76 /* ListPokemon */ = {
			isa = PBXGroup;
			children = (
				F8E764B92BFFC56D00C98B76 /* Core */,
			);
			path = ListPokemon;
			sourceTree = "<group>";
		};
		F8E764B92BFFC56D00C98B76 /* Core */ = {
			isa = PBXGroup;
			children = (
				F8E764BA2BFFC57400C98B76 /* Views */,
				F8E764BD2BFFCA4000C98B76 /* ListPokemonInteractor.swift */,
			);
			path = Core;
			sourceTree = "<group>";
		};
		F8E764BA2BFFC57400C98B76 /* Views */ = {
			isa = PBXGroup;
			children = (
				F8E764BB2BFFC58900C98B76 /* ListPokemonViewCell.swift */,
			);
			path = Views;
			sourceTree = "<group>";
		};
/* End PBXGroup section */

/* Begin PBXNativeTarget section */
		51FC2CF92BEC5B98006E6C43 /* PokemonProject - UIKit */ = {
			isa = PBXNativeTarget;
			buildConfigurationList = 51FC2D0E2BEC5B9B006E6C43 /* Build configuration list for PBXNativeTarget "PokemonProject - UIKit" */;
			buildPhases = (
				71E6985523C3AAAE94933FB7 /* [CP] Check Pods Manifest.lock */,
				51FC2CF62BEC5B98006E6C43 /* Sources */,
				51FC2CF72BEC5B98006E6C43 /* Frameworks */,
				51FC2CF82BEC5B98006E6C43 /* Resources */,
				75846AE102A17A6699E7D5AF /* [CP] Embed Pods Frameworks */,
			);
			buildRules = (
			);
			dependencies = (
			);
			name = "PokemonProject - UIKit";
			productName = "PokemonProject - UIKit";
			productReference = 51FC2CFA2BEC5B98006E6C43 /* PokemonProject - UIKit.app */;
			productType = "com.apple.product-type.application";
		};
/* End PBXNativeTarget section */

/* Begin PBXProject section */
		51FC2CF22BEC5B98006E6C43 /* Project object */ = {
			isa = PBXProject;
			attributes = {
				BuildIndependentTargetsInParallel = 1;
				LastSwiftUpdateCheck = 1500;
				LastUpgradeCheck = 1500;
				TargetAttributes = {
					51FC2CF92BEC5B98006E6C43 = {
						CreatedOnToolsVersion = 15.0;
					};
				};
			};
			buildConfigurationList = 51FC2CF52BEC5B98006E6C43 /* Build configuration list for PBXProject "PokemonProject - UIKit" */;
			compatibilityVersion = "Xcode 14.0";
			developmentRegion = en;
			hasScannedForEncodings = 0;
			knownRegions = (
				en,
				Base,
			);
			mainGroup = 51FC2CF12BEC5B98006E6C43;
			productRefGroup = 51FC2CFB2BEC5B98006E6C43 /* Products */;
			projectDirPath = "";
			projectRoot = "";
			targets = (
				51FC2CF92BEC5B98006E6C43 /* PokemonProject - UIKit */,
			);
		};
/* End PBXProject section */

/* Begin PBXResourcesBuildPhase section */
		51FC2CF82BEC5B98006E6C43 /* Resources */ = {
			isa = PBXResourcesBuildPhase;
			buildActionMask = 2147483647;
			files = (
				51FC2D0A2BEC5B9B006E6C43 /* LaunchScreen.storyboard in Resources */,
				51FC2D072BEC5B9B006E6C43 /* Assets.xcassets in Resources */,
			);
			runOnlyForDeploymentPostprocessing = 0;
		};
/* End PBXResourcesBuildPhase section */

/* Begin PBXShellScriptBuildPhase section */
		71E6985523C3AAAE94933FB7 /* [CP] Check Pods Manifest.lock */ = {
			isa = PBXShellScriptBuildPhase;
			buildActionMask = 2147483647;
			files = (
			);
			inputFileListPaths = (
			);
			inputPaths = (
				"${PODS_PODFILE_DIR_PATH}/Podfile.lock",
				"${PODS_ROOT}/Manifest.lock",
			);
			name = "[CP] Check Pods Manifest.lock";
			outputFileListPaths = (
			);
			outputPaths = (
				"$(DERIVED_FILE_DIR)/Pods-PokemonProject - UIKit-checkManifestLockResult.txt",
			);
			runOnlyForDeploymentPostprocessing = 0;
			shellPath = /bin/sh;
			shellScript = "diff \"${PODS_PODFILE_DIR_PATH}/Podfile.lock\" \"${PODS_ROOT}/Manifest.lock\" > /dev/null\nif [ $? != 0 ] ; then\n    # print error to STDERR\n    echo \"error: The sandbox is not in sync with the Podfile.lock. Run 'pod install' or update your CocoaPods installation.\" >&2\n    exit 1\nfi\n# This output is used by Xcode 'outputs' to avoid re-running this script phase.\necho \"SUCCESS\" > \"${SCRIPT_OUTPUT_FILE_0}\"\n";
			showEnvVarsInLog = 0;
		};
		75846AE102A17A6699E7D5AF /* [CP] Embed Pods Frameworks */ = {
			isa = PBXShellScriptBuildPhase;
			buildActionMask = 2147483647;
			files = (
			);
			inputFileListPaths = (
				"${PODS_ROOT}/Target Support Files/Pods-PokemonProject - UIKit/Pods-PokemonProject - UIKit-frameworks-${CONFIGURATION}-input-files.xcfilelist",
			);
			name = "[CP] Embed Pods Frameworks";
			outputFileListPaths = (
				"${PODS_ROOT}/Target Support Files/Pods-PokemonProject - UIKit/Pods-PokemonProject - UIKit-frameworks-${CONFIGURATION}-output-files.xcfilelist",
			);
			runOnlyForDeploymentPostprocessing = 0;
			shellPath = /bin/sh;
			shellScript = "\"${PODS_ROOT}/Target Support Files/Pods-PokemonProject - UIKit/Pods-PokemonProject - UIKit-frameworks.sh\"\n";
			showEnvVarsInLog = 0;
		};
/* End PBXShellScriptBuildPhase section */

/* Begin PBXSourcesBuildPhase section */
		51FC2CF62BEC5B98006E6C43 /* Sources */ = {
			isa = PBXSourcesBuildPhase;
			buildActionMask = 2147483647;
			files = (
				F8CB21C52BFCE557006CCC7D /* ChoosePokemonCoordinator.swift in Sources */,
				51FC2D2C2BEC6847006E6C43 /* CodedView.swift in Sources */,
				F8E764BE2BFFCA4000C98B76 /* ListPokemonInteractor.swift in Sources */,
				51FC2D282BEC67E8006E6C43 /* PokemonTabBarViewController.swift in Sources */,
				F8CB21D02BFE3330006CCC7D /* HomePokemonViewModel.swift in Sources */,
				F867B6832BF50661005045B7 /* HomePokemonViewController+CollectionView.swift in Sources */,
				51FC2D1C2BEC6625006E6C43 /* HomePokemonInteractor.swift in Sources */,
				F867B6812BF4EE50005045B7 /* Pokemon.swift in Sources */,
				F8CB21CE2BFE2286006CCC7D /* HomePokemonCoordinatable.swift in Sources */,
				F8CB21C72BFCEC7C006CCC7D /* ChoosePokemonEntryPoint.swift in Sources */,
				51FC2D182BEC5F4C006E6C43 /* PokemonService.swift in Sources */,
				51FC2D022BEC5B98006E6C43 /* ViewController.swift in Sources */,
				F8CB21B62BFB8A4F006CCC7D /* ChoosePokemonPresenter.swift in Sources */,
				51FC2CFE2BEC5B98006E6C43 /* AppDelegate.swift in Sources */,
				F8CB21CC2BFE220F006CCC7D /* HomePokemonCoordinator.swift in Sources */,
				F867B67D2BF3EA4A005045B7 /* Extensions+UIView.swift in Sources */,
				F8CB21BA2BFB8B95006CCC7D /* PokemonLaunchScreenViewController.swift in Sources */,
				51FC2D162BEC5F40006E6C43 /* PokemonEndpoint.swift in Sources */,
				51FC2D002BEC5B98006E6C43 /* SceneDelegate.swift in Sources */,
				F8CB21C12BFBCB9D006CCC7D /* ChoosePokemonViewModel.swift in Sources */,
				51FC2D1A2BEC5F58006E6C43 /* PokemonRequest.swift in Sources */,
				51FC2D222BEC6675006E6C43 /* HomePokemonViewController+DisplayLogic.swift in Sources */,
				F8E764BC2BFFC58900C98B76 /* ListPokemonViewCell.swift in Sources */,
				51FC2D242BEC6703006E6C43 /* HomePokemonEntryPoint.swift in Sources */,
				F8CB21B82BFB8A62006CCC7D /* ChoosePokemonDisplayLogic.swift in Sources */,
				F8CB21C32BFCE014006CCC7D /* Coordinator.swift in Sources */,
				F8CB21B42BFB8A42006CCC7D /* ChoosePokemonInteractor.swift in Sources */,
				51FC2D1E2BEC6640006E6C43 /* HomePokemonPresenter.swift in Sources */,
				F836D02C2BF660040040B0A4 /* PokemonCollectionViewCell.swift in Sources */,
				51FC2D202BEC6654006E6C43 /* HomePokemonViewController.swift in Sources */,
				F867B67B2BF3E0EA005045B7 /* PokeCard.swift in Sources */,
				F8E2E6982BF7A55600DEE94D /* HeaderPokemonView.swift in Sources */,
				F8CB21B22BFB8A1E006CCC7D /* ChoosePokemonViewController.swift in Sources */,
			);
			runOnlyForDeploymentPostprocessing = 0;
		};
/* End PBXSourcesBuildPhase section */

/* Begin PBXVariantGroup section */
		51FC2D082BEC5B9B006E6C43 /* LaunchScreen.storyboard */ = {
			isa = PBXVariantGroup;
			children = (
				51FC2D092BEC5B9B006E6C43 /* Base */,
			);
			name = LaunchScreen.storyboard;
			sourceTree = "<group>";
		};
/* End PBXVariantGroup section */

/* Begin XCBuildConfiguration section */
		51FC2D0C2BEC5B9B006E6C43 /* Debug */ = {
			isa = XCBuildConfiguration;
			buildSettings = {
				ALWAYS_SEARCH_USER_PATHS = NO;
				ASSETCATALOG_COMPILER_GENERATE_SWIFT_ASSET_SYMBOL_EXTENSIONS = YES;
				CLANG_ANALYZER_NONNULL = YES;
				CLANG_ANALYZER_NUMBER_OBJECT_CONVERSION = YES_AGGRESSIVE;
				CLANG_CXX_LANGUAGE_STANDARD = "gnu++20";
				CLANG_ENABLE_MODULES = YES;
				CLANG_ENABLE_OBJC_ARC = YES;
				CLANG_ENABLE_OBJC_WEAK = YES;
				CLANG_WARN_BLOCK_CAPTURE_AUTORELEASING = YES;
				CLANG_WARN_BOOL_CONVERSION = YES;
				CLANG_WARN_COMMA = YES;
				CLANG_WARN_CONSTANT_CONVERSION = YES;
				CLANG_WARN_DEPRECATED_OBJC_IMPLEMENTATIONS = YES;
				CLANG_WARN_DIRECT_OBJC_ISA_USAGE = YES_ERROR;
				CLANG_WARN_DOCUMENTATION_COMMENTS = YES;
				CLANG_WARN_EMPTY_BODY = YES;
				CLANG_WARN_ENUM_CONVERSION = YES;
				CLANG_WARN_INFINITE_RECURSION = YES;
				CLANG_WARN_INT_CONVERSION = YES;
				CLANG_WARN_NON_LITERAL_NULL_CONVERSION = YES;
				CLANG_WARN_OBJC_IMPLICIT_RETAIN_SELF = YES;
				CLANG_WARN_OBJC_LITERAL_CONVERSION = YES;
				CLANG_WARN_OBJC_ROOT_CLASS = YES_ERROR;
				CLANG_WARN_QUOTED_INCLUDE_IN_FRAMEWORK_HEADER = YES;
				CLANG_WARN_RANGE_LOOP_ANALYSIS = YES;
				CLANG_WARN_STRICT_PROTOTYPES = YES;
				CLANG_WARN_SUSPICIOUS_MOVE = YES;
				CLANG_WARN_UNGUARDED_AVAILABILITY = YES_AGGRESSIVE;
				CLANG_WARN_UNREACHABLE_CODE = YES;
				CLANG_WARN__DUPLICATE_METHOD_MATCH = YES;
				COPY_PHASE_STRIP = NO;
				DEBUG_INFORMATION_FORMAT = dwarf;
				ENABLE_STRICT_OBJC_MSGSEND = YES;
				ENABLE_TESTABILITY = YES;
				ENABLE_USER_SCRIPT_SANDBOXING = YES;
				GCC_C_LANGUAGE_STANDARD = gnu17;
				GCC_DYNAMIC_NO_PIC = NO;
				GCC_NO_COMMON_BLOCKS = YES;
				GCC_OPTIMIZATION_LEVEL = 0;
				GCC_PREPROCESSOR_DEFINITIONS = (
					"DEBUG=1",
					"$(inherited)",
				);
				GCC_WARN_64_TO_32_BIT_CONVERSION = YES;
				GCC_WARN_ABOUT_RETURN_TYPE = YES_ERROR;
				GCC_WARN_UNDECLARED_SELECTOR = YES;
				GCC_WARN_UNINITIALIZED_AUTOS = YES_AGGRESSIVE;
				GCC_WARN_UNUSED_FUNCTION = YES;
				GCC_WARN_UNUSED_VARIABLE = YES;
				IPHONEOS_DEPLOYMENT_TARGET = 17.0;
				LOCALIZATION_PREFERS_STRING_CATALOGS = YES;
				MTL_ENABLE_DEBUG_INFO = INCLUDE_SOURCE;
				MTL_FAST_MATH = YES;
				ONLY_ACTIVE_ARCH = YES;
				SDKROOT = iphoneos;
				SWIFT_ACTIVE_COMPILATION_CONDITIONS = "DEBUG $(inherited)";
				SWIFT_OPTIMIZATION_LEVEL = "-Onone";
			};
			name = Debug;
		};
		51FC2D0D2BEC5B9B006E6C43 /* Release */ = {
			isa = XCBuildConfiguration;
			buildSettings = {
				ALWAYS_SEARCH_USER_PATHS = NO;
				ASSETCATALOG_COMPILER_GENERATE_SWIFT_ASSET_SYMBOL_EXTENSIONS = YES;
				CLANG_ANALYZER_NONNULL = YES;
				CLANG_ANALYZER_NUMBER_OBJECT_CONVERSION = YES_AGGRESSIVE;
				CLANG_CXX_LANGUAGE_STANDARD = "gnu++20";
				CLANG_ENABLE_MODULES = YES;
				CLANG_ENABLE_OBJC_ARC = YES;
				CLANG_ENABLE_OBJC_WEAK = YES;
				CLANG_WARN_BLOCK_CAPTURE_AUTORELEASING = YES;
				CLANG_WARN_BOOL_CONVERSION = YES;
				CLANG_WARN_COMMA = YES;
				CLANG_WARN_CONSTANT_CONVERSION = YES;
				CLANG_WARN_DEPRECATED_OBJC_IMPLEMENTATIONS = YES;
				CLANG_WARN_DIRECT_OBJC_ISA_USAGE = YES_ERROR;
				CLANG_WARN_DOCUMENTATION_COMMENTS = YES;
				CLANG_WARN_EMPTY_BODY = YES;
				CLANG_WARN_ENUM_CONVERSION = YES;
				CLANG_WARN_INFINITE_RECURSION = YES;
				CLANG_WARN_INT_CONVERSION = YES;
				CLANG_WARN_NON_LITERAL_NULL_CONVERSION = YES;
				CLANG_WARN_OBJC_IMPLICIT_RETAIN_SELF = YES;
				CLANG_WARN_OBJC_LITERAL_CONVERSION = YES;
				CLANG_WARN_OBJC_ROOT_CLASS = YES_ERROR;
				CLANG_WARN_QUOTED_INCLUDE_IN_FRAMEWORK_HEADER = YES;
				CLANG_WARN_RANGE_LOOP_ANALYSIS = YES;
				CLANG_WARN_STRICT_PROTOTYPES = YES;
				CLANG_WARN_SUSPICIOUS_MOVE = YES;
				CLANG_WARN_UNGUARDED_AVAILABILITY = YES_AGGRESSIVE;
				CLANG_WARN_UNREACHABLE_CODE = YES;
				CLANG_WARN__DUPLICATE_METHOD_MATCH = YES;
				COPY_PHASE_STRIP = NO;
				DEBUG_INFORMATION_FORMAT = "dwarf-with-dsym";
				ENABLE_NS_ASSERTIONS = NO;
				ENABLE_STRICT_OBJC_MSGSEND = YES;
				ENABLE_USER_SCRIPT_SANDBOXING = YES;
				GCC_C_LANGUAGE_STANDARD = gnu17;
				GCC_NO_COMMON_BLOCKS = YES;
				GCC_WARN_64_TO_32_BIT_CONVERSION = YES;
				GCC_WARN_ABOUT_RETURN_TYPE = YES_ERROR;
				GCC_WARN_UNDECLARED_SELECTOR = YES;
				GCC_WARN_UNINITIALIZED_AUTOS = YES_AGGRESSIVE;
				GCC_WARN_UNUSED_FUNCTION = YES;
				GCC_WARN_UNUSED_VARIABLE = YES;
				IPHONEOS_DEPLOYMENT_TARGET = 17.0;
				LOCALIZATION_PREFERS_STRING_CATALOGS = YES;
				MTL_ENABLE_DEBUG_INFO = NO;
				MTL_FAST_MATH = YES;
				SDKROOT = iphoneos;
				SWIFT_COMPILATION_MODE = wholemodule;
				VALIDATE_PRODUCT = YES;
			};
			name = Release;
		};
		51FC2D0F2BEC5B9B006E6C43 /* Debug */ = {
			isa = XCBuildConfiguration;
			baseConfigurationReference = A7DE37D93ABCE7FA2E51D8C7 /* Pods-PokemonProject - UIKit.debug.xcconfig */;
			buildSettings = {
				ASSETCATALOG_COMPILER_APPICON_NAME = AppIcon;
				ASSETCATALOG_COMPILER_GLOBAL_ACCENT_COLOR_NAME = AccentColor;
				CODE_SIGN_STYLE = Automatic;
				CURRENT_PROJECT_VERSION = 1;
				DEVELOPMENT_TEAM = PBPHWYT77P;
				ENABLE_USER_SCRIPT_SANDBOXING = NO;
				GENERATE_INFOPLIST_FILE = YES;
				INFOPLIST_FILE = "PokemonProject - UIKit/Info.plist";
				INFOPLIST_KEY_UIApplicationSupportsIndirectInputEvents = YES;
				INFOPLIST_KEY_UILaunchStoryboardName = LaunchScreen;
				INFOPLIST_KEY_UISupportedInterfaceOrientations_iPad = "UIInterfaceOrientationPortrait UIInterfaceOrientationPortraitUpsideDown UIInterfaceOrientationLandscapeLeft UIInterfaceOrientationLandscapeRight";
				INFOPLIST_KEY_UISupportedInterfaceOrientations_iPhone = "UIInterfaceOrientationPortrait UIInterfaceOrientationLandscapeLeft UIInterfaceOrientationLandscapeRight";
				LD_RUNPATH_SEARCH_PATHS = (
					"$(inherited)",
					"@executable_path/Frameworks",
				);
				MARKETING_VERSION = 1.0;
				PRODUCT_BUNDLE_IDENTIFIER = "com.leonardofleith.PokemonProject---UIKit";
				PRODUCT_NAME = "$(TARGET_NAME)";
				SWIFT_EMIT_LOC_STRINGS = YES;
				SWIFT_VERSION = 5.0;
				TARGETED_DEVICE_FAMILY = "1,2";
			};
			name = Debug;
		};
		51FC2D102BEC5B9B006E6C43 /* Release */ = {
			isa = XCBuildConfiguration;
			baseConfigurationReference = 6618A5992032B7F5E1C98F68 /* Pods-PokemonProject - UIKit.release.xcconfig */;
			buildSettings = {
				ASSETCATALOG_COMPILER_APPICON_NAME = AppIcon;
				ASSETCATALOG_COMPILER_GLOBAL_ACCENT_COLOR_NAME = AccentColor;
				CODE_SIGN_STYLE = Automatic;
				CURRENT_PROJECT_VERSION = 1;
				DEVELOPMENT_TEAM = PBPHWYT77P;
				ENABLE_USER_SCRIPT_SANDBOXING = NO;
				GENERATE_INFOPLIST_FILE = YES;
				INFOPLIST_FILE = "PokemonProject - UIKit/Info.plist";
				INFOPLIST_KEY_UIApplicationSupportsIndirectInputEvents = YES;
				INFOPLIST_KEY_UILaunchStoryboardName = LaunchScreen;
				INFOPLIST_KEY_UISupportedInterfaceOrientations_iPad = "UIInterfaceOrientationPortrait UIInterfaceOrientationPortraitUpsideDown UIInterfaceOrientationLandscapeLeft UIInterfaceOrientationLandscapeRight";
				INFOPLIST_KEY_UISupportedInterfaceOrientations_iPhone = "UIInterfaceOrientationPortrait UIInterfaceOrientationLandscapeLeft UIInterfaceOrientationLandscapeRight";
				LD_RUNPATH_SEARCH_PATHS = (
					"$(inherited)",
					"@executable_path/Frameworks",
				);
				MARKETING_VERSION = 1.0;
				PRODUCT_BUNDLE_IDENTIFIER = "com.leonardofleith.PokemonProject---UIKit";
				PRODUCT_NAME = "$(TARGET_NAME)";
				SWIFT_EMIT_LOC_STRINGS = YES;
				SWIFT_VERSION = 5.0;
				TARGETED_DEVICE_FAMILY = "1,2";
			};
			name = Release;
		};
/* End XCBuildConfiguration section */

/* Begin XCConfigurationList section */
		51FC2CF52BEC5B98006E6C43 /* Build configuration list for PBXProject "PokemonProject - UIKit" */ = {
			isa = XCConfigurationList;
			buildConfigurations = (
				51FC2D0C2BEC5B9B006E6C43 /* Debug */,
				51FC2D0D2BEC5B9B006E6C43 /* Release */,
			);
			defaultConfigurationIsVisible = 0;
			defaultConfigurationName = Release;
		};
		51FC2D0E2BEC5B9B006E6C43 /* Build configuration list for PBXNativeTarget "PokemonProject - UIKit" */ = {
			isa = XCConfigurationList;
			buildConfigurations = (
				51FC2D0F2BEC5B9B006E6C43 /* Debug */,
				51FC2D102BEC5B9B006E6C43 /* Release */,
			);
			defaultConfigurationIsVisible = 0;
			defaultConfigurationName = Release;
		};
/* End XCConfigurationList section */
	};
	rootObject = 51FC2CF22BEC5B98006E6C43 /* Project object */;
}
